
Microsoft Visual Studio Solution File, Format Version 12.00
# Visual Studio Version 16
VisualStudioVersion = 16.0.35229.62
MinimumVisualStudioVersion = 10.0.40219.1
Project("{FAE04EC0-301F-11D3-BF4B-00C04F79EFBC}") = "NewProjectEstudo", "NewProjectEstudo.csproj", "{8EF714C7-1054-42E5-B393-1C008E8465EB}"
EndProject
Global
	GlobalSection(SolutionConfigurationPlatforms) = preSolution
		Debug|Any CPU = Debug|Any CPU
		Release|Any CPU = Release|Any CPU
	EndGlobalSection
	GlobalSection(ProjectConfigurationPlatforms) = postSolution
		{8EF714C7-1054-42E5-B393-1C008E8465EB}.Debug|Any CPU.ActiveCfg = Debug|Any CPU
		{8EF714C7-1054-42E5-B393-1C008E8465EB}.Debug|Any CPU.Build.0 = Debug|Any CPU
		{8EF714C7-1054-42E5-B393-1C008E8465EB}.Release|Any CPU.ActiveCfg = Release|Any CPU
		{8EF714C7-1054-42E5-B393-1C008E8465EB}.Release|Any CPU.Build.0 = Release|Any CPU
	EndGlobalSection
	GlobalSection(SolutionProperties) = preSolution
		HideSolutionNode = FALSE
	EndGlobalSection
	GlobalSection(ExtensibilityGlobals) = postSolution
		SolutionGuid = {87BB7615-301C-434F-AB1C-844D855E797E}
	EndGlobalSection
EndGlobal
